dependencies:
- name: common
  repository: https://charts.bitnami.com/bitnami
  version: 1.13.1
- name: postgresql
  repository: https://charts.bitnami.com/bitnami
  version: 11.6.6
digest: sha256:02fb31a58454150ccad0b42834f9b9995e732168fdcde98ee0846583605f6ad2
generated: "2022-06-10T21:05:41.67513446Z"
